
Microsoft Visual Studio Solution File, Format Version 12.00
# Visual Studio Version 17
VisualStudioVersion = 17.7.34031.279
MinimumVisualStudioVersion = 10.0.40219.1
Project("{FAE04EC0-301F-11D3-BF4B-00C04F79EFBC}") = "FileSync", "FileSync\FileSync.csproj", "{F5134C82-CBB4-4B22-99A0-DD3D5E10E499}"
EndProject
Global
	GlobalSection(SolutionConfigurationPlatforms) = preSolution
		Debug|Any CPU = Debug|Any CPU
		Release|Any CPU = Release|Any CPU
	EndGlobalSection
	GlobalSection(ProjectConfigurationPlatforms) = postSolution
		{F5134C82-CBB4-4B22-99A0-DD3D5E10E499}.Debug|Any CPU.ActiveCfg = Debug|Any CPU
		{F5134C82-CBB4-4B22-99A0-DD3D5E10E499}.Debug|Any CPU.Build.0 = Debug|Any CPU
		{F5134C82-CBB4-4B22-99A0-DD3D5E10E499}.Release|Any CPU.ActiveCfg = Release|Any CPU
		{F5134C82-CBB4-4B22-99A0-DD3D5E10E499}.Release|Any CPU.Build.0 = Release|Any CPU
	EndGlobalSection
	GlobalSection(SolutionProperties) = preSolution
		HideSolutionNode = FALSE
	EndGlobalSection
	GlobalSection(ExtensibilityGlobals) = postSolution
		SolutionGuid = {7800A03A-9610-4884-B1B8-1AC93F425E26}
	EndGlobalSection
EndGlobal
